// !$*UTF8*$!
{
	archiveVersion = 1;
	classes = {
	};
	objectVersion = 50;
	objects = {

/* Begin PBXBuildFile section */
		8638197B212CCA6600E9CEDA /* DateForInterval.swift in Sources */ = {isa = PBXBuildFile; fileRef = 8638197A212CCA6600E9CEDA /* DateForInterval.swift */; };
		865BCBD52124EECD000E8DFC /* AppDelegate.swift in Sources */ = {isa = PBXBuildFile; fileRef = 865BCBD42124EECD000E8DFC /* AppDelegate.swift */; };
		865BCBDA2124EECE000E8DFC /* Main.storyboard in Resources */ = {isa = PBXBuildFile; fileRef = 865BCBD82124EECE000E8DFC /* Main.storyboard */; };
		865BCBDC2124EECF000E8DFC /* Assets.xcassets in Resources */ = {isa = PBXBuildFile; fileRef = 865BCBDB2124EECF000E8DFC /* Assets.xcassets */; };
		865BCBDF2124EECF000E8DFC /* LaunchScreen.storyboard in Resources */ = {isa = PBXBuildFile; fileRef = 865BCBDD2124EECF000E8DFC /* LaunchScreen.storyboard */; };
		865BCBEA2124EECF000E8DFC /* BairesListDemoIOS_MVPTests.swift in Sources */ = {isa = PBXBuildFile; fileRef = 865BCBE92124EECF000E8DFC /* BairesListDemoIOS_MVPTests.swift */; };
		865BCBF52124EECF000E8DFC /* BairesListDemoIOS_MVPUITests.swift in Sources */ = {isa = PBXBuildFile; fileRef = 865BCBF42124EECF000E8DFC /* BairesListDemoIOS_MVPUITests.swift */; };
		865BCC062124EFB0000E8DFC /* Event.swift in Sources */ = {isa = PBXBuildFile; fileRef = 865BCC052124EFB0000E8DFC /* Event.swift */; };
		865BCC092124F0AC000E8DFC /* EventListViewController.swift in Sources */ = {isa = PBXBuildFile; fileRef = 865BCC082124F0AC000E8DFC /* EventListViewController.swift */; };
		865BCC0B2124F1AA000E8DFC /* EventListTableViewCell.swift in Sources */ = {isa = PBXBuildFile; fileRef = 865BCC0A2124F1AA000E8DFC /* EventListTableViewCell.swift */; };
		865BCC0F2124F988000E8DFC /* EventService.swift in Sources */ = {isa = PBXBuildFile; fileRef = 865BCC0E2124F988000E8DFC /* EventService.swift */; };
		865BCC112124FB37000E8DFC /* EventListViewControllerContract.swift in Sources */ = {isa = PBXBuildFile; fileRef = 865BCC102124FB37000E8DFC /* EventListViewControllerContract.swift */; };
		865BCC1521250379000E8DFC /* EventListViewControllerPresenter.swift in Sources */ = {isa = PBXBuildFile; fileRef = 865BCC1421250379000E8DFC /* EventListViewControllerPresenter.swift */; };
		86728591212ADB7000B15EA2 /* Parameter.swift in Sources */ = {isa = PBXBuildFile; fileRef = 86728590212ADB7000B15EA2 /* Parameter.swift */; };
		86F7E7942126065E00F2671C /* CheckBox.swift in Sources */ = {isa = PBXBuildFile; fileRef = 86F7E7932126065E00F2671C /* CheckBox.swift */; };
		9C573338F89CC4CAAE5366C3 /* Pods_BairesListDemoIOS_MVPTests.framework in Frameworks */ = {isa = PBXBuildFile; fileRef = 683B37D99204A9510AABFC59 /* Pods_BairesListDemoIOS_MVPTests.framework */; };
		D112BD90C8B3DE7675F86C90 /* Pods_BairesListDemoIOS_MVPUITests.framework in Frameworks */ = {isa = PBXBuildFile; fileRef = 80D3167AA1D9DD493C915B78 /* Pods_BairesListDemoIOS_MVPUITests.framework */; };
		FE4091CEF2608172405B96B6 /* Pods_BairesListDemoIOS_MVP.framework in Frameworks */ = {isa = PBXBuildFile; fileRef = F656665ED2343E75986802BB /* Pods_BairesListDemoIOS_MVP.framework */; };
/* End PBXBuildFile section */

/* Begin PBXContainerItemProxy section */
		865BCBE62124EECF000E8DFC /* PBXContainerItemProxy */ = {
			isa = PBXContainerItemProxy;
			containerPortal = 865BCBC92124EECD000E8DFC /* Project object */;
			proxyType = 1;
			remoteGlobalIDString = 865BCBD02124EECD000E8DFC;
			remoteInfo = "BairesListDemoIOS-MVP";
		};
		865BCBF12124EECF000E8DFC /* PBXContainerItemProxy */ = {
			isa = PBXContainerItemProxy;
			containerPortal = 865BCBC92124EECD000E8DFC /* Project object */;
			proxyType = 1;
			remoteGlobalIDString = 865BCBD02124EECD000E8DFC;
			remoteInfo = "BairesListDemoIOS-MVP";
		};
/* End PBXContainerItemProxy section */

/* Begin PBXFileReference section */
		23DE40F9F6E1945AE67F64A5 /* Pods-BairesListDemoIOS-MVP.debug.xcconfig */ = {isa = PBXFileReference; includeInIndex = 1; lastKnownFileType = text.xcconfig; name = "Pods-BairesListDemoIOS-MVP.debug.xcconfig"; path = "Pods/Target Support Files/Pods-BairesListDemoIOS-MVP/Pods-BairesListDemoIOS-MVP.debug.xcconfig"; sourceTree = "<group>"; };
		251865B614C25975AE2F5EA6 /* Pods-BairesListDemoIOS-MVP.release.xcconfig */ = {isa = PBXFileReference; includeInIndex = 1; lastKnownFileType = text.xcconfig; name = "Pods-BairesListDemoIOS-MVP.release.xcconfig"; path = "Pods/Target Support Files/Pods-BairesListDemoIOS-MVP/Pods-BairesListDemoIOS-MVP.release.xcconfig"; sourceTree = "<group>"; };
		51B1FD451331AB1EDB63C9DD /* Pods-BairesListDemoIOS-MVPUITests.debug.xcconfig */ = {isa = PBXFileReference; includeInIndex = 1; lastKnownFileType = text.xcconfig; name = "Pods-BairesListDemoIOS-MVPUITests.debug.xcconfig"; path = "Pods/Target Support Files/Pods-BairesListDemoIOS-MVPUITests/Pods-BairesListDemoIOS-MVPUITests.debug.xcconfig"; sourceTree = "<group>"; };
		683B37D99204A9510AABFC59 /* Pods_BairesListDemoIOS_MVPTests.framework */ = {isa = PBXFileReference; explicitFileType = wrapper.framework; includeInIndex = 0; path = Pods_BairesListDemoIOS_MVPTests.framework; sourceTree = BUILT_PRODUCTS_DIR; };
		7D5154CD678C4E6C6E9D922B /* Pods-BairesListDemoIOS-MVPTests.release.xcconfig */ = {isa = PBXFileReference; includeInIndex = 1; lastKnownFileType = text.xcconfig; name = "Pods-BairesListDemoIOS-MVPTests.release.xcconfig"; path = "Pods/Target Support Files/Pods-BairesListDemoIOS-MVPTests/Pods-BairesListDemoIOS-MVPTests.release.xcconfig"; sourceTree = "<group>"; };
		80D3167AA1D9DD493C915B78 /* Pods_BairesListDemoIOS_MVPUITests.framework */ = {isa = PBXFileReference; explicitFileType = wrapper.framework; includeInIndex = 0; path = Pods_BairesListDemoIOS_MVPUITests.framework; sourceTree = BUILT_PRODUCTS_DIR; };
		8638197A212CCA6600E9CEDA /* DateForInterval.swift */ = {isa = PBXFileReference; lastKnownFileType = sourcecode.swift; path = DateForInterval.swift; sourceTree = "<group>"; };
		865BCBD12124EECD000E8DFC /* BairesListDemoIOS-MVP.app */ = {isa = PBXFileReference; explicitFileType = wrapper.application; includeInIndex = 0; path = "BairesListDemoIOS-MVP.app"; sourceTree = BUILT_PRODUCTS_DIR; };
		865BCBD42124EECD000E8DFC /* AppDelegate.swift */ = {isa = PBXFileReference; lastKnownFileType = sourcecode.swift; path = AppDelegate.swift; sourceTree = "<group>"; };
		865BCBD92124EECE000E8DFC /* Base */ = {isa = PBXFileReference; lastKnownFileType = file.storyboard; name = Base; path = Base.lproj/Main.storyboard; sourceTree = "<group>"; };
		865BCBDB2124EECF000E8DFC /* Assets.xcassets */ = {isa = PBXFileReference; lastKnownFileType = folder.assetcatalog; path = Assets.xcassets; sourceTree = "<group>"; };
		865BCBDE2124EECF000E8DFC /* Base */ = {isa = PBXFileReference; lastKnownFileType = file.storyboard; name = Base; path = Base.lproj/LaunchScreen.storyboard; sourceTree = "<group>"; };
		865BCBE02124EECF000E8DFC /* Info.plist */ = {isa = PBXFileReference; lastKnownFileType = text.plist.xml; path = Info.plist; sourceTree = "<group>"; };
		865BCBE52124EECF000E8DFC /* BairesListDemoIOS-MVPTests.xctest */ = {isa = PBXFileReference; explicitFileType = wrapper.cfbundle; includeInIndex = 0; path = "BairesListDemoIOS-MVPTests.xctest"; sourceTree = BUILT_PRODUCTS_DIR; };
		865BCBE92124EECF000E8DFC /* BairesListDemoIOS_MVPTests.swift */ = {isa = PBXFileReference; lastKnownFileType = sourcecode.swift; path = BairesListDemoIOS_MVPTests.swift; sourceTree = "<group>"; };
		865BCBEB2124EECF000E8DFC /* Info.plist */ = {isa = PBXFileReference; lastKnownFileType = text.plist.xml; path = Info.plist; sourceTree = "<group>"; };
		865BCBF02124EECF000E8DFC /* BairesListDemoIOS-MVPUITests.xctest */ = {isa = PBXFileReference; explicitFileType = wrapper.cfbundle; includeInIndex = 0; path = "BairesListDemoIOS-MVPUITests.xctest"; sourceTree = BUILT_PRODUCTS_DIR; };
		865BCBF42124EECF000E8DFC /* BairesListDemoIOS_MVPUITests.swift */ = {isa = PBXFileReference; lastKnownFileType = sourcecode.swift; path = BairesListDemoIOS_MVPUITests.swift; sourceTree = "<group>"; };
		865BCBF62124EECF000E8DFC /* Info.plist */ = {isa = PBXFileReference; lastKnownFileType = text.plist.xml; path = Info.plist; sourceTree = "<group>"; };
		865BCC052124EFB0000E8DFC /* Event.swift */ = {isa = PBXFileReference; lastKnownFileType = sourcecode.swift; path = Event.swift; sourceTree = "<group>"; };
		865BCC082124F0AC000E8DFC /* EventListViewController.swift */ = {isa = PBXFileReference; lastKnownFileType = sourcecode.swift; path = EventListViewController.swift; sourceTree = "<group>"; };
		865BCC0A2124F1AA000E8DFC /* EventListTableViewCell.swift */ = {isa = PBXFileReference; lastKnownFileType = sourcecode.swift; path = EventListTableViewCell.swift; sourceTree = "<group>"; };
		865BCC0E2124F988000E8DFC /* EventService.swift */ = {isa = PBXFileReference; lastKnownFileType = sourcecode.swift; path = EventService.swift; sourceTree = "<group>"; };
		865BCC102124FB37000E8DFC /* EventListViewControllerContract.swift */ = {isa = PBXFileReference; lastKnownFileType = sourcecode.swift; path = EventListViewControllerContract.swift; sourceTree = "<group>"; };
		865BCC1421250379000E8DFC /* EventListViewControllerPresenter.swift */ = {isa = PBXFileReference; lastKnownFileType = sourcecode.swift; path = EventListViewControllerPresenter.swift; sourceTree = "<group>"; };
		865BCC162125A277000E8DFC /* BairesListDemoIOS-MVP-Bridging-Header.h */ = {isa = PBXFileReference; lastKnownFileType = sourcecode.c.h; path = "BairesListDemoIOS-MVP-Bridging-Header.h"; sourceTree = "<group>"; };
		86728590212ADB7000B15EA2 /* Parameter.swift */ = {isa = PBXFileReference; lastKnownFileType = sourcecode.swift; path = Parameter.swift; sourceTree = "<group>"; };
		86F7E7932126065E00F2671C /* CheckBox.swift */ = {isa = PBXFileReference; lastKnownFileType = sourcecode.swift; path = CheckBox.swift; sourceTree = "<group>"; };
		A08B72A1FE540EE7D86B0C7E /* Pods-BairesListDemoIOS-MVPUITests.release.xcconfig */ = {isa = PBXFileReference; includeInIndex = 1; lastKnownFileType = text.xcconfig; name = "Pods-BairesListDemoIOS-MVPUITests.release.xcconfig"; path = "Pods/Target Support Files/Pods-BairesListDemoIOS-MVPUITests/Pods-BairesListDemoIOS-MVPUITests.release.xcconfig"; sourceTree = "<group>"; };
		B27EBDB1C12E6CF6BACCA8B7 /* Pods-BairesListDemoIOS-MVPTests.debug.xcconfig */ = {isa = PBXFileReference; includeInIndex = 1; lastKnownFileType = text.xcconfig; name = "Pods-BairesListDemoIOS-MVPTests.debug.xcconfig"; path = "Pods/Target Support Files/Pods-BairesListDemoIOS-MVPTests/Pods-BairesListDemoIOS-MVPTests.debug.xcconfig"; sourceTree = "<group>"; };
		F656665ED2343E75986802BB /* Pods_BairesListDemoIOS_MVP.framework */ = {isa = PBXFileReference; explicitFileType = wrapper.framework; includeInIndex = 0; path = Pods_BairesListDemoIOS_MVP.framework; sourceTree = BUILT_PRODUCTS_DIR; };
/* End PBXFileReference section */

/* Begin PBXFrameworksBuildPhase section */
		865BCBCE2124EECD000E8DFC /* Frameworks */ = {
			isa = PBXFrameworksBuildPhase;
			buildActionMask = 2147483647;
			files = (
				FE4091CEF2608172405B96B6 /* Pods_BairesListDemoIOS_MVP.framework in Frameworks */,
			);
			runOnlyForDeploymentPostprocessing = 0;
		};
		865BCBE22124EECF000E8DFC /* Frameworks */ = {
			isa = PBXFrameworksBuildPhase;
			buildActionMask = 2147483647;
			files = (
				9C573338F89CC4CAAE5366C3 /* Pods_BairesListDemoIOS_MVPTests.framework in Frameworks */,
			);
			runOnlyForDeploymentPostprocessing = 0;
		};
		865BCBED2124EECF000E8DFC /* Frameworks */ = {
			isa = PBXFrameworksBuildPhase;
			buildActionMask = 2147483647;
			files = (
				D112BD90C8B3DE7675F86C90 /* Pods_BairesListDemoIOS_MVPUITests.framework in Frameworks */,
			);
			runOnlyForDeploymentPostprocessing = 0;
		};
/* End PBXFrameworksBuildPhase section */

/* Begin PBXGroup section */
		198E405B4BC09FF5029E8D7E /* Pods */ = {
			isa = PBXGroup;
			children = (
				23DE40F9F6E1945AE67F64A5 /* Pods-BairesListDemoIOS-MVP.debug.xcconfig */,
				251865B614C25975AE2F5EA6 /* Pods-BairesListDemoIOS-MVP.release.xcconfig */,
				B27EBDB1C12E6CF6BACCA8B7 /* Pods-BairesListDemoIOS-MVPTests.debug.xcconfig */,
				7D5154CD678C4E6C6E9D922B /* Pods-BairesListDemoIOS-MVPTests.release.xcconfig */,
				51B1FD451331AB1EDB63C9DD /* Pods-BairesListDemoIOS-MVPUITests.debug.xcconfig */,
				A08B72A1FE540EE7D86B0C7E /* Pods-BairesListDemoIOS-MVPUITests.release.xcconfig */,
			);
			name = Pods;
			sourceTree = "<group>";
		};
		865BCBC82124EECD000E8DFC = {
			isa = PBXGroup;
			children = (
				865BCBD32124EECD000E8DFC /* BairesListDemoIOS-MVP */,
				865BCBE82124EECF000E8DFC /* BairesListDemoIOS-MVPTests */,
				865BCBF32124EECF000E8DFC /* BairesListDemoIOS-MVPUITests */,
				865BCBD22124EECD000E8DFC /* Products */,
				198E405B4BC09FF5029E8D7E /* Pods */,
				F13EA17CCC7752201C2E7E73 /* Frameworks */,
			);
			sourceTree = "<group>";
		};
		865BCBD22124EECD000E8DFC /* Products */ = {
			isa = PBXGroup;
			children = (
				865BCBD12124EECD000E8DFC /* BairesListDemoIOS-MVP.app */,
				865BCBE52124EECF000E8DFC /* BairesListDemoIOS-MVPTests.xctest */,
				865BCBF02124EECF000E8DFC /* BairesListDemoIOS-MVPUITests.xctest */,
			);
			name = Products;
			sourceTree = "<group>";
		};
		865BCBD32124EECD000E8DFC /* BairesListDemoIOS-MVP */ = {
			isa = PBXGroup;
			children = (
				8672858F212A259D00B15EA2 /* Custom */,
				865BCC042124EF3F000E8DFC /* Server */,
				865BCC032124EF36000E8DFC /* UI */,
				865BCC022124EEEB000E8DFC /* Model */,
				865BCBD42124EECD000E8DFC /* AppDelegate.swift */,
				865BCBD82124EECE000E8DFC /* Main.storyboard */,
				865BCBDB2124EECF000E8DFC /* Assets.xcassets */,
				865BCBDD2124EECF000E8DFC /* LaunchScreen.storyboard */,
				865BCBE02124EECF000E8DFC /* Info.plist */,
			);
			path = "BairesListDemoIOS-MVP";
			sourceTree = "<group>";
		};
		865BCBE82124EECF000E8DFC /* BairesListDemoIOS-MVPTests */ = {
			isa = PBXGroup;
			children = (
				865BCBE92124EECF000E8DFC /* BairesListDemoIOS_MVPTests.swift */,
				865BCBEB2124EECF000E8DFC /* Info.plist */,
				8638197A212CCA6600E9CEDA /* DateForInterval.swift */,
			);
			path = "BairesListDemoIOS-MVPTests";
			sourceTree = "<group>";
		};
		865BCBF32124EECF000E8DFC /* BairesListDemoIOS-MVPUITests */ = {
			isa = PBXGroup;
			children = (
				865BCBF42124EECF000E8DFC /* BairesListDemoIOS_MVPUITests.swift */,
				865BCBF62124EECF000E8DFC /* Info.plist */,
			);
			path = "BairesListDemoIOS-MVPUITests";
			sourceTree = "<group>";
		};
		865BCC022124EEEB000E8DFC /* Model */ = {
			isa = PBXGroup;
			children = (
				865BCC052124EFB0000E8DFC /* Event.swift */,
				86728590212ADB7000B15EA2 /* Parameter.swift */,
			);
			path = Model;
			sourceTree = "<group>";
		};
		865BCC032124EF36000E8DFC /* UI */ = {
			isa = PBXGroup;
			children = (
				865BCC072124F013000E8DFC /* EventList */,
			);
			path = UI;
			sourceTree = "<group>";
		};
		865BCC042124EF3F000E8DFC /* Server */ = {
			isa = PBXGroup;
			children = (
				865BCC0E2124F988000E8DFC /* EventService.swift */,
				865BCC162125A277000E8DFC /* BairesListDemoIOS-MVP-Bridging-Header.h */,
			);
			path = Server;
			sourceTree = "<group>";
		};
		865BCC072124F013000E8DFC /* EventList */ = {
			isa = PBXGroup;
			children = (
				865BCC082124F0AC000E8DFC /* EventListViewController.swift */,
				865BCC102124FB37000E8DFC /* EventListViewControllerContract.swift */,
				865BCC1421250379000E8DFC /* EventListViewControllerPresenter.swift */,
				865BCC0A2124F1AA000E8DFC /* EventListTableViewCell.swift */,
			);
			path = EventList;
			sourceTree = "<group>";
		};
		8672858F212A259D00B15EA2 /* Custom */ = {
			isa = PBXGroup;
			children = (
				86F7E7932126065E00F2671C /* CheckBox.swift */,
			);
			path = Custom;
			sourceTree = "<group>";
		};
		F13EA17CCC7752201C2E7E73 /* Frameworks */ = {
			isa = PBXGroup;
			children = (
				F656665ED2343E75986802BB /* Pods_BairesListDemoIOS_MVP.framework */,
				683B37D99204A9510AABFC59 /* Pods_BairesListDemoIOS_MVPTests.framework */,
				80D3167AA1D9DD493C915B78 /* Pods_BairesListDemoIOS_MVPUITests.framework */,
			);
			name = Frameworks;
			sourceTree = "<group>";
		};
/* End PBXGroup section */

/* Begin PBXNativeTarget section */
		865BCBD02124EECD000E8DFC /* BairesListDemoIOS-MVP */ = {
			isa = PBXNativeTarget;
			buildConfigurationList = 865BCBF92124EECF000E8DFC /* Build configuration list for PBXNativeTarget "BairesListDemoIOS-MVP" */;
			buildPhases = (
				80BC66D029EDCD95BBCBF4E8 /* [CP] Check Pods Manifest.lock */,
				865BCBCD2124EECD000E8DFC /* Sources */,
				865BCBCE2124EECD000E8DFC /* Frameworks */,
				865BCBCF2124EECD000E8DFC /* Resources */,
				DE8418513ED498FEC23CA4A2 /* [CP] Embed Pods Frameworks */,
			);
			buildRules = (
			);
			dependencies = (
			);
			name = "BairesListDemoIOS-MVP";
			productName = "BairesListDemoIOS-MVP";
			productReference = 865BCBD12124EECD000E8DFC /* BairesListDemoIOS-MVP.app */;
			productType = "com.apple.product-type.application";
		};
		865BCBE42124EECF000E8DFC /* BairesListDemoIOS-MVPTests */ = {
			isa = PBXNativeTarget;
			buildConfigurationList = 865BCBFC2124EECF000E8DFC /* Build configuration list for PBXNativeTarget "BairesListDemoIOS-MVPTests" */;
			buildPhases = (
				5AC2BCE26586E109AB7E23D5 /* [CP] Check Pods Manifest.lock */,
				865BCBE12124EECF000E8DFC /* Sources */,
				865BCBE22124EECF000E8DFC /* Frameworks */,
				865BCBE32124EECF000E8DFC /* Resources */,
			);
			buildRules = (
			);
			dependencies = (
				865BCBE72124EECF000E8DFC /* PBXTargetDependency */,
			);
			name = "BairesListDemoIOS-MVPTests";
			productName = "BairesListDemoIOS-MVPTests";
			productReference = 865BCBE52124EECF000E8DFC /* BairesListDemoIOS-MVPTests.xctest */;
			productType = "com.apple.product-type.bundle.unit-test";
		};
		865BCBEF2124EECF000E8DFC /* BairesListDemoIOS-MVPUITests */ = {
			isa = PBXNativeTarget;
			buildConfigurationList = 865BCBFF2124EECF000E8DFC /* Build configuration list for PBXNativeTarget "BairesListDemoIOS-MVPUITests" */;
			buildPhases = (
				7A095E336E77766BAA7F4BA2 /* [CP] Check Pods Manifest.lock */,
				865BCBEC2124EECF000E8DFC /* Sources */,
				865BCBED2124EECF000E8DFC /* Frameworks */,
				865BCBEE2124EECF000E8DFC /* Resources */,
			);
			buildRules = (
			);
			dependencies = (
				865BCBF22124EECF000E8DFC /* PBXTargetDependency */,
			);
			name = "BairesListDemoIOS-MVPUITests";
			productName = "BairesListDemoIOS-MVPUITests";
			productReference = 865BCBF02124EECF000E8DFC /* BairesListDemoIOS-MVPUITests.xctest */;
			productType = "com.apple.product-type.bundle.ui-testing";
		};
/* End PBXNativeTarget section */

/* Begin PBXProject section */
		865BCBC92124EECD000E8DFC /* Project object */ = {
			isa = PBXProject;
			attributes = {
				LastSwiftUpdateCheck = 0940;
				LastUpgradeCheck = 0940;
				ORGANIZATIONNAME = NeoNHugo;
				TargetAttributes = {
					865BCBD02124EECD000E8DFC = {
						CreatedOnToolsVersion = 9.4.1;
						LastSwiftMigration = 0940;
					};
					865BCBE42124EECF000E8DFC = {
						CreatedOnToolsVersion = 9.4.1;
						TestTargetID = 865BCBD02124EECD000E8DFC;
					};
					865BCBEF2124EECF000E8DFC = {
						CreatedOnToolsVersion = 9.4.1;
						TestTargetID = 865BCBD02124EECD000E8DFC;
					};
				};
			};
			buildConfigurationList = 865BCBCC2124EECD000E8DFC /* Build configuration list for PBXProject "BairesListDemoIOS-MVP" */;
			compatibilityVersion = "Xcode 9.3";
			developmentRegion = en;
			hasScannedForEncodings = 0;
			knownRegions = (
				en,
				Base,
			);
			mainGroup = 865BCBC82124EECD000E8DFC;
			productRefGroup = 865BCBD22124EECD000E8DFC /* Products */;
			projectDirPath = "";
			projectRoot = "";
			targets = (
				865BCBD02124EECD000E8DFC /* BairesListDemoIOS-MVP */,
				865BCBE42124EECF000E8DFC /* BairesListDemoIOS-MVPTests */,
				865BCBEF2124EECF000E8DFC /* BairesListDemoIOS-MVPUITests */,
			);
		};
/* End PBXProject section */

/* Begin PBXResourcesBuildPhase section */
		865BCBCF2124EECD000E8DFC /* Resources */ = {
			isa = PBXResourcesBuildPhase;
			buildActionMask = 2147483647;
			files = (
				865BCBDF2124EECF000E8DFC /* LaunchScreen.storyboard in Resources */,
				865BCBDC2124EECF000E8DFC /* Assets.xcassets in Resources */,
				865BCBDA2124EECE000E8DFC /* Main.storyboard in Resources */,
			);
			runOnlyForDeploymentPostprocessing = 0;
		};
		865BCBE32124EECF000E8DFC /* Resources */ = {
			isa = PBXResourcesBuildPhase;
			buildActionMask = 2147483647;
			files = (
			);
			runOnlyForDeploymentPostprocessing = 0;
		};
		865BCBEE2124EECF000E8DFC /* Resources */ = {
			isa = PBXResourcesBuildPhase;
			buildActionMask = 2147483647;
			files = (
			);
			runOnlyForDeploymentPostprocessing = 0;
		};
/* End PBXResourcesBuildPhase section */

/* Begin PBXShellScriptBuildPhase section */
		5AC2BCE26586E109AB7E23D5 /* [CP] Check Pods Manifest.lock */ = {
			isa = PBXShellScriptBuildPhase;
			buildActionMask = 2147483647;
			files = (
			);
			inputPaths = (
				"${PODS_PODFILE_DIR_PATH}/Podfile.lock",
				"${PODS_ROOT}/Manifest.lock",
			);
			name = "[CP] Check Pods Manifest.lock";
			outputPaths = (
				"$(DERIVED_FILE_DIR)/Pods-BairesListDemoIOS-MVPTests-checkManifestLockResult.txt",
			);
			runOnlyForDeploymentPostprocessing = 0;
			shellPath = /bin/sh;
			shellScript = "diff \"${PODS_PODFILE_DIR_PATH}/Podfile.lock\" \"${PODS_ROOT}/Manifest.lock\" > /dev/null\nif [ $? != 0 ] ; then\n    # print error to STDERR\n    echo \"error: The sandbox is not in sync with the Podfile.lock. Run 'pod install' or update your CocoaPods installation.\" >&2\n    exit 1\nfi\n# This output is used by Xcode 'outputs' to avoid re-running this script phase.\necho \"SUCCESS\" > \"${SCRIPT_OUTPUT_FILE_0}\"\n";
			showEnvVarsInLog = 0;
		};
		7A095E336E77766BAA7F4BA2 /* [CP] Check Pods Manifest.lock */ = {
			isa = PBXShellScriptBuildPhase;
			buildActionMask = 2147483647;
			files = (
			);
			inputPaths = (
				"${PODS_PODFILE_DIR_PATH}/Podfile.lock",
				"${PODS_ROOT}/Manifest.lock",
			);
			name = "[CP] Check Pods Manifest.lock";
			outputPaths = (
				"$(DERIVED_FILE_DIR)/Pods-BairesListDemoIOS-MVPUITests-checkManifestLockResult.txt",
			);
			runOnlyForDeploymentPostprocessing = 0;
			shellPath = /bin/sh;
			shellScript = "diff \"${PODS_PODFILE_DIR_PATH}/Podfile.lock\" \"${PODS_ROOT}/Manifest.lock\" > /dev/null\nif [ $? != 0 ] ; then\n    # print error to STDERR\n    echo \"error: The sandbox is not in sync with the Podfile.lock. Run 'pod install' or update your CocoaPods installation.\" >&2\n    exit 1\nfi\n# This output is used by Xcode 'outputs' to avoid re-running this script phase.\necho \"SUCCESS\" > \"${SCRIPT_OUTPUT_FILE_0}\"\n";
			showEnvVarsInLog = 0;
		};
		80BC66D029EDCD95BBCBF4E8 /* [CP] Check Pods Manifest.lock */ = {
			isa = PBXShellScriptBuildPhase;
			buildActionMask = 2147483647;
			files = (
			);
			inputPaths = (
				"${PODS_PODFILE_DIR_PATH}/Podfile.lock",
				"${PODS_ROOT}/Manifest.lock",
			);
			name = "[CP] Check Pods Manifest.lock";
			outputPaths = (
				"$(DERIVED_FILE_DIR)/Pods-BairesListDemoIOS-MVP-checkManifestLockResult.txt",
			);
			runOnlyForDeploymentPostprocessing = 0;
			shellPath = /bin/sh;
			shellScript = "diff \"${PODS_PODFILE_DIR_PATH}/Podfile.lock\" \"${PODS_ROOT}/Manifest.lock\" > /dev/null\nif [ $? != 0 ] ; then\n    # print error to STDERR\n    echo \"error: The sandbox is not in sync with the Podfile.lock. Run 'pod install' or update your CocoaPods installation.\" >&2\n    exit 1\nfi\n# This output is used by Xcode 'outputs' to avoid re-running this script phase.\necho \"SUCCESS\" > \"${SCRIPT_OUTPUT_FILE_0}\"\n";
			showEnvVarsInLog = 0;
		};
		DE8418513ED498FEC23CA4A2 /* [CP] Embed Pods Frameworks */ = {
			isa = PBXShellScriptBuildPhase;
			buildActionMask = 2147483647;
			files = (
			);
			inputPaths = (
				"${SRCROOT}/Pods/Target Support Files/Pods-BairesListDemoIOS-MVP/Pods-BairesListDemoIOS-MVP-frameworks.sh",
				"${BUILT_PRODUCTS_DIR}/Alamofire/Alamofire.framework",
				"${BUILT_PRODUCTS_DIR}/SDWebImage/SDWebImage.framework",
			);
			name = "[CP] Embed Pods Frameworks";
			outputPaths = (
				"${TARGET_BUILD_DIR}/${FRAMEWORKS_FOLDER_PATH}/Alamofire.framework",
				"${TARGET_BUILD_DIR}/${FRAMEWORKS_FOLDER_PATH}/SDWebImage.framework",
			);
			runOnlyForDeploymentPostprocessing = 0;
			shellPath = /bin/sh;
			shellScript = "\"${SRCROOT}/Pods/Target Support Files/Pods-BairesListDemoIOS-MVP/Pods-BairesListDemoIOS-MVP-frameworks.sh\"\n";
			showEnvVarsInLog = 0;
		};
/* End PBXShellScriptBuildPhase section */

/* Begin PBXSourcesBuildPhase section */
		865BCBCD2124EECD000E8DFC /* Sources */ = {
			isa = PBXSourcesBuildPhase;
			buildActionMask = 2147483647;
			files = (
				86F7E7942126065E00F2671C /* CheckBox.swift in Sources */,
				865BCC092124F0AC000E8DFC /* EventListViewController.swift in Sources */,
				865BCC062124EFB0000E8DFC /* Event.swift in Sources */,
				86728591212ADB7000B15EA2 /* Parameter.swift in Sources */,
				865BCBD52124EECD000E8DFC /* AppDelegate.swift in Sources */,
				865BCC1521250379000E8DFC /* EventListViewControllerPresenter.swift in Sources */,
				865BCC0F2124F988000E8DFC /* EventService.swift in Sources */,
				865BCC0B2124F1AA000E8DFC /* EventListTableViewCell.swift in Sources */,
				865BCC112124FB37000E8DFC /* EventListViewControllerContract.swift in Sources */,
			);
			runOnlyForDeploymentPostprocessing = 0;
		};
		865BCBE12124EECF000E8DFC /* Sources */ = {
			isa = PBXSourcesBuildPhase;
			buildActionMask = 2147483647;
			files = (
				8638197B212CCA6600E9CEDA /* DateForInterval.swift in Sources */,
				865BCBEA2124EECF000E8DFC /* BairesListDemoIOS_MVPTests.swift in Sources */,
			);
			runOnlyForDeploymentPostprocessing = 0;
		};
		865BCBEC2124EECF000E8DFC /* Sources */ = {
			isa = PBXSourcesBuildPhase;
			buildActionMask = 2147483647;
			files = (
				865BCBF52124EECF000E8DFC /* BairesListDemoIOS_MVPUITests.swift in Sources */,
			);
			runOnlyForDeploymentPostprocessing = 0;
		};
/* End PBXSourcesBuildPhase section */

/* Begin PBXTargetDependency section */
		865BCBE72124EECF000E8DFC /* PBXTargetDependency */ = {
			isa = PBXTargetDependency;
			target = 865BCBD02124EECD000E8DFC /* BairesListDemoIOS-MVP */;
			targetProxy = 865BCBE62124EECF000E8DFC /* PBXContainerItemProxy */;
		};
		865BCBF22124EECF000E8DFC /* PBXTargetDependency */ = {
			isa = PBXTargetDependency;
			target = 865BCBD02124EECD000E8DFC /* BairesListDemoIOS-MVP */;
			targetProxy = 865BCBF12124EECF000E8DFC /* PBXContainerItemProxy */;
		};
/* End PBXTargetDependency section */

/* Begin PBXVariantGroup section */
		865BCBD82124EECE000E8DFC /* Main.storyboard */ = {
			isa = PBXVariantGroup;
			children = (
				865BCBD92124EECE000E8DFC /* Base */,
			);
			name = Main.storyboard;
			sourceTree = "<group>";
		};
		865BCBDD2124EECF000E8DFC /* LaunchScreen.storyboard */ = {
			isa = PBXVariantGroup;
			children = (
				865BCBDE2124EECF000E8DFC /* Base */,
			);
			name = LaunchScreen.storyboard;
			sourceTree = "<group>";
		};
/* End PBXVariantGroup section */

/* Begin XCBuildConfiguration section */
		865BCBF72124EECF000E8DFC /* Debug */ = {
			isa = XCBuildConfiguration;
			buildSettings = {
				ALWAYS_SEARCH_USER_PATHS = NO;
				CLANG_ANALYZER_NONNULL = YES;
				CLANG_ANALYZER_NUMBER_OBJECT_CONVERSION = YES_AGGRESSIVE;
				CLANG_CXX_LANGUAGE_STANDARD = "gnu++14";
				CLANG_CXX_LIBRARY = "libc++";
				CLANG_ENABLE_MODULES = YES;
				CLANG_ENABLE_OBJC_ARC = YES;
				CLANG_ENABLE_OBJC_WEAK = YES;
				CLANG_WARN_BLOCK_CAPTURE_AUTORELEASING = YES;
				CLANG_WARN_BOOL_CONVERSION = YES;
				CLANG_WARN_COMMA = YES;
				CLANG_WARN_CONSTANT_CONVERSION = YES;
				CLANG_WARN_DEPRECATED_OBJC_IMPLEMENTATIONS = YES;
				CLANG_WARN_DIRECT_OBJC_ISA_USAGE = YES_ERROR;
				CLANG_WARN_DOCUMENTATION_COMMENTS = YES;
				CLANG_WARN_EMPTY_BODY = YES;
				CLANG_WARN_ENUM_CONVERSION = YES;
				CLANG_WARN_INFINITE_RECURSION = YES;
				CLANG_WARN_INT_CONVERSION = YES;
				CLANG_WARN_NON_LITERAL_NULL_CONVERSION = YES;
				CLANG_WARN_OBJC_IMPLICIT_RETAIN_SELF = YES;
				CLANG_WARN_OBJC_LITERAL_CONVERSION = YES;
				CLANG_WARN_OBJC_ROOT_CLASS = YES_ERROR;
				CLANG_WARN_RANGE_LOOP_ANALYSIS = YES;
				CLANG_WARN_STRICT_PROTOTYPES = YES;
				CLANG_WARN_SUSPICIOUS_MOVE = YES;
				CLANG_WARN_UNGUARDED_AVAILABILITY = YES_AGGRESSIVE;
				CLANG_WARN_UNREACHABLE_CODE = YES;
				CLANG_WARN__DUPLICATE_METHOD_MATCH = YES;
				CODE_SIGN_IDENTITY = "iPhone Developer";
				COPY_PHASE_STRIP = NO;
				DEBUG_INFORMATION_FORMAT = dwarf;
				ENABLE_STRICT_OBJC_MSGSEND = YES;
				ENABLE_TESTABILITY = YES;
				GCC_C_LANGUAGE_STANDARD = gnu11;
				GCC_DYNAMIC_NO_PIC = NO;
				GCC_NO_COMMON_BLOCKS = YES;
				GCC_OPTIMIZATION_LEVEL = 0;
				GCC_PREPROCESSOR_DEFINITIONS = (
					"DEBUG=1",
					"$(inherited)",
				);
				GCC_WARN_64_TO_32_BIT_CONVERSION = YES;
				GCC_WARN_ABOUT_RETURN_TYPE = YES_ERROR;
				GCC_WARN_UNDECLARED_SELECTOR = YES;
				GCC_WARN_UNINITIALIZED_AUTOS = YES_AGGRESSIVE;
				GCC_WARN_UNUSED_FUNCTION = YES;
				GCC_WARN_UNUSED_VARIABLE = YES;
				IPHONEOS_DEPLOYMENT_TARGET = 11.4;
				MTL_ENABLE_DEBUG_INFO = YES;
				ONLY_ACTIVE_ARCH = YES;
				SDKROOT = iphoneos;
				SWIFT_ACTIVE_COMPILATION_CONDITIONS = DEBUG;
				SWIFT_OPTIMIZATION_LEVEL = "-Onone";
			};
			name = Debug;
		};
		865BCBF82124EECF000E8DFC /* Release */ = {
			isa = XCBuildConfiguration;
			buildSettings = {
				ALWAYS_SEARCH_USER_PATHS = NO;
				CLANG_ANALYZER_NONNULL = YES;
				CLANG_ANALYZER_NUMBER_OBJECT_CONVERSION = YES_AGGRESSIVE;
				CLANG_CXX_LANGUAGE_STANDARD = "gnu++14";
				CLANG_CXX_LIBRARY = "libc++";
				CLANG_ENABLE_MODULES = YES;
				CLANG_ENABLE_OBJC_ARC = YES;
				CLANG_ENABLE_OBJC_WEAK = YES;
				CLANG_WARN_BLOCK_CAPTURE_AUTORELEASING = YES;
				CLANG_WARN_BOOL_CONVERSION = YES;
				CLANG_WARN_COMMA = YES;
				CLANG_WARN_CONSTANT_CONVERSION = YES;
				CLANG_WARN_DEPRECATED_OBJC_IMPLEMENTATIONS = YES;
				CLANG_WARN_DIRECT_OBJC_ISA_USAGE = YES_ERROR;
				CLANG_WARN_DOCUMENTATION_COMMENTS = YES;
				CLANG_WARN_EMPTY_BODY = YES;
				CLANG_WARN_ENUM_CONVERSION = YES;
				CLANG_WARN_INFINITE_RECURSION = YES;
				CLANG_WARN_INT_CONVERSION = YES;
				CLANG_WARN_NON_LITERAL_NULL_CONVERSION = YES;
				CLANG_WARN_OBJC_IMPLICIT_RETAIN_SELF = YES;
				CLANG_WARN_OBJC_LITERAL_CONVERSION = YES;
				CLANG_WARN_OBJC_ROOT_CLASS = YES_ERROR;
				CLANG_WARN_RANGE_LOOP_ANALYSIS = YES;
				CLANG_WARN_STRICT_PROTOTYPES = YES;
				CLANG_WARN_SUSPICIOUS_MOVE = YES;
				CLANG_WARN_UNGUARDED_AVAILABILITY = YES_AGGRESSIVE;
				CLANG_WARN_UNREACHABLE_CODE = YES;
				CLANG_WARN__DUPLICATE_METHOD_MATCH = YES;
				CODE_SIGN_IDENTITY = "iPhone Developer";
				COPY_PHASE_STRIP = NO;
				DEBUG_INFORMATION_FORMAT = "dwarf-with-dsym";
				ENABLE_NS_ASSERTIONS = NO;
				ENABLE_STRICT_OBJC_MSGSEND = YES;
				GCC_C_LANGUAGE_STANDARD = gnu11;
				GCC_NO_COMMON_BLOCKS = YES;
				GCC_WARN_64_TO_32_BIT_CONVERSION = YES;
				GCC_WARN_ABOUT_RETURN_TYPE = YES_ERROR;
				GCC_WARN_UNDECLARED_SELECTOR = YES;
				GCC_WARN_UNINITIALIZED_AUTOS = YES_AGGRESSIVE;
				GCC_WARN_UNUSED_FUNCTION = YES;
				GCC_WARN_UNUSED_VARIABLE = YES;
				IPHONEOS_DEPLOYMENT_TARGET = 11.4;
				MTL_ENABLE_DEBUG_INFO = NO;
				SDKROOT = iphoneos;
				SWIFT_COMPILATION_MODE = wholemodule;
				SWIFT_OPTIMIZATION_LEVEL = "-O";
				VALIDATE_PRODUCT = YES;
			};
			name = Release;
		};
		865BCBFA2124EECF000E8DFC /* Debug */ = {
			isa = XCBuildConfiguration;
			baseConfigurationReference = 23DE40F9F6E1945AE67F64A5 /* Pods-BairesListDemoIOS-MVP.debug.xcconfig */;
			buildSettings = {
				ASSETCATALOG_COMPILER_APPICON_NAME = AppIcon;
				CLANG_ENABLE_MODULES = YES;
				CODE_SIGN_STYLE = Automatic;
				DEVELOPMENT_TEAM = F94QP5CE4B;
				INFOPLIST_FILE = "BairesListDemoIOS-MVP/Info.plist";
				LD_RUNPATH_SEARCH_PATHS = (
					"$(inherited)",
					"@executable_path/Frameworks",
				);
				PRODUCT_BUNDLE_IDENTIFIER = "br.com.nmsystems.BairesListDemoIOS-MVP";
				PRODUCT_NAME = "$(TARGET_NAME)";
				SWIFT_OBJC_BRIDGING_HEADER = "BairesListDemoIOS-MVP/Server/BairesListDemoIOS-MVP-Bridging-Header.h";
				SWIFT_OPTIMIZATION_LEVEL = "-Onone";
				SWIFT_VERSION = 4.0;
				TARGETED_DEVICE_FAMILY = "1,2";
			};
			name = Debug;
		};
		865BCBFB2124EECF000E8DFC /* Release */ = {
			isa = XCBuildConfiguration;
			baseConfigurationReference = 251865B614C25975AE2F5EA6 /* Pods-BairesListDemoIOS-MVP.release.xcconfig */;
			buildSettings = {
				ASSETCATALOG_COMPILER_APPICON_NAME = AppIcon;
				CLANG_ENABLE_MODULES = YES;
				CODE_SIGN_STYLE = Automatic;
				DEVELOPMENT_TEAM = F94QP5CE4B;
				INFOPLIST_FILE = "BairesListDemoIOS-MVP/Info.plist";
				LD_RUNPATH_SEARCH_PATHS = (
					"$(inherited)",
					"@executable_path/Frameworks",
				);
				PRODUCT_BUNDLE_IDENTIFIER = "br.com.nmsystems.BairesListDemoIOS-MVP";
				PRODUCT_NAME = "$(TARGET_NAME)";
				SWIFT_OBJC_BRIDGING_HEADER = "BairesListDemoIOS-MVP/Server/BairesListDemoIOS-MVP-Bridging-Header.h";
				SWIFT_VERSION = 4.0;
				TARGETED_DEVICE_FAMILY = "1,2";
			};
			name = Release;
		};
		865BCBFD2124EECF000E8DFC /* Debug */ = {
			isa = XCBuildConfiguration;
			baseConfigurationReference = B27EBDB1C12E6CF6BACCA8B7 /* Pods-BairesListDemoIOS-MVPTests.debug.xcconfig */;
			buildSettings = {
				ALWAYS_EMBED_SWIFT_STANDARD_LIBRARIES = YES;
				BUNDLE_LOADER = "$(TEST_HOST)";
				CODE_SIGN_STYLE = Automatic;
				INFOPLIST_FILE = "BairesListDemoIOS-MVPTests/Info.plist";
				LD_RUNPATH_SEARCH_PATHS = (
					"$(inherited)",
					"@executable_path/Frameworks",
					"@loader_path/Frameworks",
				);
				PRODUCT_BUNDLE_IDENTIFIER = "br.com.nmsystems.BairesListDemoIOS-MVPTests";
				PRODUCT_NAME = "$(TARGET_NAME)";
				SWIFT_VERSION = 4.0;
				TARGETED_DEVICE_FAMILY = "1,2";
				TEST_HOST = "$(BUILT_PRODUCTS_DIR)/BairesListDemoIOS-MVP.app/BairesListDemoIOS-MVP";
			};
			name = Debug;
		};
		865BCBFE2124EECF000E8DFC /* Release */ = {
			isa = XCBuildConfiguration;
			baseConfigurationReference = 7D5154CD678C4E6C6E9D922B /* Pods-BairesListDemoIOS-MVPTests.release.xcconfig */;
			buildSettings = {
				ALWAYS_EMBED_SWIFT_STANDARD_LIBRARIES = YES;
				BUNDLE_LOADER = "$(TEST_HOST)";
				CODE_SIGN_STYLE = Automatic;
				INFOPLIST_FILE = "BairesListDemoIOS-MVPTests/Info.plist";
				LD_RUNPATH_SEARCH_PATHS = (
					"$(inherited)",
					"@executable_path/Frameworks",
					"@loader_path/Frameworks",
				);
				PRODUCT_BUNDLE_IDENTIFIER = "br.com.nmsystems.BairesListDemoIOS-MVPTests";
				PRODUCT_NAME = "$(TARGET_NAME)";
				SWIFT_VERSION = 4.0;
				TARGETED_DEVICE_FAMILY = "1,2";
				TEST_HOST = "$(BUILT_PRODUCTS_DIR)/BairesListDemoIOS-MVP.app/BairesListDemoIOS-MVP";
			};
			name = Release;
		};
		865BCC002124EECF000E8DFC /* Debug */ = {
			isa = XCBuildConfiguration;
			baseConfigurationReference = 51B1FD451331AB1EDB63C9DD /* Pods-BairesListDemoIOS-MVPUITests.debug.xcconfig */;
			buildSettings = {
				ALWAYS_EMBED_SWIFT_STANDARD_LIBRARIES = YES;
				CODE_SIGN_STYLE = Automatic;
				INFOPLIST_FILE = "BairesListDemoIOS-MVPUITests/Info.plist";
				LD_RUNPATH_SEARCH_PATHS = (
					"$(inherited)",
					"@executable_path/Frameworks",
					"@loader_path/Frameworks",
				);
				PRODUCT_BUNDLE_IDENTIFIER = "br.com.nmsystems.BairesListDemoIOS-MVPUITests";
				PRODUCT_NAME = "$(TARGET_NAME)";
				SWIFT_VERSION = 4.0;
				TARGETED_DEVICE_FAMILY = "1,2";
				TEST_TARGET_NAME = "BairesListDemoIOS-MVP";
			};
			name = Debug;
		};
		865BCC012124EECF000E8DFC /* Release */ = {
			isa = XCBuildConfiguration;
			baseConfigurationReference = A08B72A1FE540EE7D86B0C7E /* Pods-BairesListDemoIOS-MVPUITests.release.xcconfig */;
			buildSettings = {
				ALWAYS_EMBED_SWIFT_STANDARD_LIBRARIES = YES;
				CODE_SIGN_STYLE = Automatic;
				INFOPLIST_FILE = "BairesListDemoIOS-MVPUITests/Info.plist";
				LD_RUNPATH_SEARCH_PATHS = (
					"$(inherited)",
					"@executable_path/Frameworks",
					"@loader_path/Frameworks",
				);
				PRODUCT_BUNDLE_IDENTIFIER = "br.com.nmsystems.BairesListDemoIOS-MVPUITests";
				PRODUCT_NAME = "$(TARGET_NAME)";
				SWIFT_VERSION = 4.0;
				TARGETED_DEVICE_FAMILY = "1,2";
				TEST_TARGET_NAME = "BairesListDemoIOS-MVP";
			};
			name = Release;
		};
/* End XCBuildConfiguration section */

/* Begin XCConfigurationList section */
		865BCBCC2124EECD000E8DFC /* Build configuration list for PBXProject "BairesListDemoIOS-MVP" */ = {
			isa = XCConfigurationList;
			buildConfigurations = (
				865BCBF72124EECF000E8DFC /* Debug */,
				865BCBF82124EECF000E8DFC /* Release */,
			);
			defaultConfigurationIsVisible = 0;
			defaultConfigurationName = Release;
		};
		865BCBF92124EECF000E8DFC /* Build configuration list for PBXNativeTarget "BairesListDemoIOS-MVP" */ = {
			isa = XCConfigurationList;
			buildConfigurations = (
				865BCBFA2124EECF000E8DFC /* Debug */,
				865BCBFB2124EECF000E8DFC /* Release */,
			);
			defaultConfigurationIsVisible = 0;
			defaultConfigurationName = Release;
		};
		865BCBFC2124EECF000E8DFC /* Build configuration list for PBXNativeTarget "BairesListDemoIOS-MVPTests" */ = {
			isa = XCConfigurationList;
			buildConfigurations = (
				865BCBFD2124EECF000E8DFC /* Debug */,
				865BCBFE2124EECF000E8DFC /* Release */,
			);
			defaultConfigurationIsVisible = 0;
			defaultConfigurationName = Release;
		};
		865BCBFF2124EECF000E8DFC /* Build configuration list for PBXNativeTarget "BairesListDemoIOS-MVPUITests" */ = {
			isa = XCConfigurationList;
			buildConfigurations = (
				865BCC002124EECF000E8DFC /* Debug */,
				865BCC012124EECF000E8DFC /* Release */,
			);
			defaultConfigurationIsVisible = 0;
			defaultConfigurationName = Release;
		};
/* End XCConfigurationList section */
	};
	rootObject = 865BCBC92124EECD000E8DFC /* Project object */;
}
